# This file is automatically @generated by Cargo.
# It is not intended for manual editing.
version = 3

[[package]]
name = "const_struct"
version = "0.4.4"
dependencies = [
 "const_struct_derive 0.4.3",
 "crc",
 "paste",
]

[[package]]
name = "const_struct_derive"
version = "0.4.3"
source = "registry+https://github.com/rust-lang/crates.io-index"
checksum = "a4ebc15b010b27ba570c92204fbf2cfedea2cc332cc4bc27080d5c6614a9561a"
dependencies = [
 "convert_case",
 "proc-macro2",
 "quote",
 "strum",
 "syn",
]

[[package]]
name = "const_struct_derive"
version = "0.4.4"
dependencies = [
 "convert_case",
 "proc-macro2",
 "quote",
 "syn",
]

[[package]]
name = "convert_case"
version = "0.6.0"
source = "registry+https://github.com/rust-lang/crates.io-index"
checksum = "ec182b0ca2f35d8fc196cf3404988fd8b8c739a4d270ff118a398feb0cbec1ca"
dependencies = [
 "unicode-segmentation",
]

[[package]]
name = "crc"
version = "3.2.1"
source = "registry+https://github.com/rust-lang/crates.io-index"
checksum = "69e6e4d7b33a94f0991c26729976b10ebde1d34c3ee82408fb536164fa10d636"
dependencies = [
 "crc-catalog",
]

[[package]]
name = "crc-catalog"
version = "2.4.0"
source = "registry+https://github.com/rust-lang/crates.io-index"
checksum = "19d374276b40fb8bbdee95aef7c7fa6b5316ec764510eb64b8dd0e2ed0d7e7f5"

[[package]]
name = "heck"
version = "0.5.0"
source = "registry+https://github.com/rust-lang/crates.io-index"
checksum = "2304e00983f87ffb38b55b444b5e3b60a884b5d30c0fca7d82fe33449bbe55ea"

[[package]]
name = "no-std-compat"
version = "0.4.1"
source = "registry+https://github.com/rust-lang/crates.io-index"
checksum = "b93853da6d84c2e3c7d730d6473e8817692dd89be387eb01b94d7f108ecb5b8c"

[[package]]
name = "paste"
version = "1.0.15"
source = "registry+https://github.com/rust-lang/crates.io-index"
checksum = "57c0d7b74b563b49d38dae00a0c37d4d6de9b432382b2892f0574ddcae73fd0a"

[[package]]
name = "proc-macro2"
version = "1.0.86"
source = "registry+https://github.com/rust-lang/crates.io-index"
checksum = "5e719e8df665df0d1c8fbfd238015744736151d4445ec0836b8e628aae103b77"
dependencies = [
 "unicode-ident",
]

[[package]]
name = "quote"
version = "1.0.37"
source = "registry+https://github.com/rust-lang/crates.io-index"
checksum = "b5b9d34b8991d19d98081b46eacdd8eb58c6f2b201139f7c5f643cc155a633af"
dependencies = [
 "proc-macro2",
]

[[package]]
name = "rustversion"
version = "1.0.17"
source = "registry+https://github.com/rust-lang/crates.io-index"
checksum = "955d28af4278de8121b7ebeb796b6a45735dc01436d898801014aced2773a3d6"

[[package]]
name = "strum"
version = "0.26.3"
source = "registry+https://github.com/rust-lang/crates.io-index"
checksum = "8fec0f0aef304996cf250b31b5a10dee7980c85da9d759361292b8bca5a18f06"
dependencies = [
 "strum_macros",
]

[[package]]
name = "strum_macros"
version = "0.26.4"
source = "registry+https://github.com/rust-lang/crates.io-index"
checksum = "4c6bee85a5a24955dc440386795aa378cd9cf82acd5f764469152d2270e581be"
dependencies = [
 "heck",
 "proc-macro2",
 "quote",
 "rustversion",
 "syn",
]

[[package]]
name = "syn"
version = "2.0.76"
source = "registry+https://github.com/rust-lang/crates.io-index"
checksum = "578e081a14e0cefc3279b0472138c513f37b41a08d5a3cca9b6e4e8ceb6cd525"
dependencies = [
 "proc-macro2",
 "quote",
 "unicode-ident",
]

[[package]]
name = "test_code"
version = "0.4.4"
dependencies = [
 "const_struct",
 "no-std-compat",
]

[[package]]
name = "test_gen_code"
version = "0.4.4"
dependencies = [
 "const_struct",
]

[[package]]
name = "test_trait_code"
version = "0.4.4"
dependencies = [
 "const_struct_derive 0.4.4",
 "crc",
 "no-std-compat",
 "paste",
]

[[package]]
name = "test_trait_code_old_old"
version = "0.4.4"

[[package]]
name = "tests"
version = "0.4.4"
dependencies = [
 "const_struct",
]

[[package]]
name = "unicode-ident"
version = "1.0.12"
source = "registry+https://github.com/rust-lang/crates.io-index"
checksum = "3354b9ac3fae1ff6755cb6db53683adb661634f67557942dea4facebec0fee4b"

[[package]]
name = "unicode-segmentation"
version = "1.11.0"
source = "registry+https://github.com/rust-lang/crates.io-index"
checksum = "d4c87d22b6e3f4a18d4d40ef354e97c90fcb14dd91d7dc0aa9d8a1172ebf7202"
